# This file is automatically @generated by Poetry and should not be changed by hand.

[[package]]
name = "abqpy"
version = "2023.4.6"
description = "Type hints for Abaqus/Python scripting"
category = "main"
optional = false
python-versions = ">=3.7"
files = [
    {file = "abqpy-2023.4.6-py3-none-any.whl", hash = "sha256:db29d5e771ee87b26f53bb1fa2f931e089a5c041cac203eac10b2a782476ae76"},
    {file = "abqpy-2023.4.6.tar.gz", hash = "sha256:f178d3949cd40cc99d5e429c9cba3a80be4116fd781f6ab1e4ae64310c6d11d5"},
]

[package.dependencies]
auto-all = "*"
typing-extensions = "*"

[package.extras]
dev = ["numpy"]
docs = ["GitPython", "autoclasstoc", "myst-parser", "pandas", "pillow", "sphinx", "sphinx-autoapi", "sphinx-autodoc-typehints", "sphinx-codeautolink", "sphinx-comments", "sphinx-copybutton", "sphinx-design", "sphinx-gallery", "sphinx-hoverxref", "sphinx-intl", "sphinx-rtd-theme", "sphinx-togglebutton", "sphinx-toolbox"]
juptyer = ["ipynbname", "nbconvert"]

[[package]]
name = "auto-all"
version = "1.4.1"
description = "Automatically manage __all__ variable in Python packages."
category = "main"
optional = false
python-versions = "*"
files = [
    {file = "auto-all-1.4.1.tar.gz", hash = "sha256:495ad1fe74972207837f7ae40ef8ee581da92e63c57f6cc496b2869c05aa9b12"},
    {file = "auto_all-1.4.1-py2.py3-none-any.whl", hash = "sha256:48dae02a670e94c87e2da2985e20e33ec231dffd3ae29078777002680f9eee13"},
]

[[package]]
name = "typing-extensions"
version = "4.5.0"
description = "Backported and Experimental Type Hints for Python 3.7+"
category = "main"
optional = false
python-versions = ">=3.7"
files = [
    {file = "typing_extensions-4.5.0-py3-none-any.whl", hash = "sha256:fb33085c39dd998ac16d1431ebc293a8b3eedd00fd4a32de0ff79002c19511b4"},
    {file = "typing_extensions-4.5.0.tar.gz", hash = "sha256:5cb5f4a79139d699607b3ef622a1dedafa84e115ab0024e0d9c044a9479ca7cb"},
]

[metadata]
lock-version = "2.0"
python-versions = "^3.9"
content-hash = "a41350f40c4e909e4612279e02a82c1d671e479e6227a9566097ced293a79fea"
